
Microsoft Visual Studio Solution File, Format Version 12.00
# Visual Studio Version 16
VisualStudioVersion = 16.0.30804.86
MinimumVisualStudioVersion = 10.0.40219.1
Project("{9A19103F-16F7-4668-BE54-9A1E7A4F7556}") = "VivokeyPCSC", "VivokeyACR\VivokeyPCSC.csproj", "{A2155FA4-4BB8-41EC-99BC-5DDB035EC294}"
EndProject
Global
	GlobalSection(SolutionConfigurationPlatforms) = preSolution
		Debug|Any CPU = Debug|Any CPU
		Release|Any CPU = Release|Any CPU
	EndGlobalSection
	GlobalSection(ProjectConfigurationPlatforms) = postSolution
		{A2155FA4-4BB8-41EC-99BC-5DDB035EC294}.Debug|Any CPU.ActiveCfg = Debug|Any CPU
		{A2155FA4-4BB8-41EC-99BC-5DDB035EC294}.Debug|Any CPU.Build.0 = Debug|Any CPU
		{A2155FA4-4BB8-41EC-99BC-5DDB035EC294}.Release|Any CPU.ActiveCfg = Release|Any CPU
		{A2155FA4-4BB8-41EC-99BC-5DDB035EC294}.Release|Any CPU.Build.0 = Release|Any CPU
	EndGlobalSection
	GlobalSection(SolutionProperties) = preSolution
		HideSolutionNode = FALSE
	EndGlobalSection
	GlobalSection(ExtensibilityGlobals) = postSolution
		SolutionGuid = {831F32E7-5148-491A-902D-44348026F0E9}
	EndGlobalSection
EndGlobal
